
Microsoft Visual Studio Solution File, Format Version 12.00
# Visual Studio 2013
VisualStudioVersion = 12.0.40629.0
MinimumVisualStudioVersion = 10.0.40219.1
Project("{8BC9CEB8-8B4A-11D0-8D11-00A0C91BC942}") = "p14 13while 循环", "p14 13while 循环\p14 13while 循环.vcxproj", "{A6FA4FC0-FE14-4746-808D-4B3FE54C1570}"
EndProject
Global
	GlobalSection(SolutionConfigurationPlatforms) = preSolution
		Debug|Win32 = Debug|Win32
		Release|Win32 = Release|Win32
	EndGlobalSection
	GlobalSection(ProjectConfigurationPlatforms) = postSolution
		{A6FA4FC0-FE14-4746-808D-4B3FE54C1570}.Debug|Win32.ActiveCfg = Debug|Win32
		{A6FA4FC0-FE14-4746-808D-4B3FE54C1570}.Debug|Win32.Build.0 = Debug|Win32
		{A6FA4FC0-FE14-4746-808D-4B3FE54C1570}.Release|Win32.ActiveCfg = Release|Win32
		{A6FA4FC0-FE14-4746-808D-4B3FE54C1570}.Release|Win32.Build.0 = Release|Win32
	EndGlobalSection
	GlobalSection(SolutionProperties) = preSolution
		HideSolutionNode = FALSE
	EndGlobalSection
EndGlobal
